# This file is autogenerated, do not edit; changes may be undone by the next 'dep ensure'.


[[projects]]
  branch = "master"
  name = "github.com/kjk/betterguid"
  packages = ["."]
  revision = "c442874ba63a7beb6c8b6f14ad1675de747b7f71"

[solve-meta]
  analyzer-name = "dep"
  analyzer-version = 1
  inputs-digest = "c00a86bf568bcb868f933352733abb7d01a90b2dc5abe83d143ab90046f5fae2"
  solver-name = "gps-cdcl"
  solver-version = 1
